<?xml version="1.0" encoding="utf-8"?>
<Project ToolsVersion="4.0" xmlns="http://schemas.microsoft.com/developer/msbuild/2003">
  <ItemGroup>
    <Filter Include="リソース ファイル">
      <UniqueIdentifier>{67DA6AB6-F800-4c08-8B7A-83BB121AAD01}</UniqueIdentifier>
      <Extensions>rc;ico;cur;bmp;dlg;rc2;rct;bin;rgs;gif;jpg;jpeg;jpe;resx;tiff;tif;png;wav;mfcribbon-ms</Extensions>
    </Filter>
    <Filter Include="00_FrameWork">
      <UniqueIdentifier>{a3d65ed5-3663-4d29-8c1c-49f6d8190d3c}</UniqueIdentifier>
    </Filter>
    <Filter Include="00_FrameWork\main">
      <UniqueIdentifier>{ecc7e03e-9386-4585-af72-dacaff9cb6bf}</UniqueIdentifier>
    </Filter>
    <Filter Include="00_FrameWork\Renderer">
      <UniqueIdentifier>{86e191dc-25dc-482f-b2f3-4362311a0b87}</UniqueIdentifier>
    </Filter>
    <Filter Include="00_FrameWork\Window">
      <UniqueIdentifier>{ec0dd485-120e-47c2-b67f-b6ee28d8032e}</UniqueIdentifier>
    </Filter>
    <Filter Include="00_FrameWork\Manager">
      <UniqueIdentifier>{0d0fb0b0-971c-4171-8e58-93f5068ff781}</UniqueIdentifier>
    </Filter>
    <Filter Include="00_FrameWork\Texture">
      <UniqueIdentifier>{d9da6194-7ae7-44fb-868c-6f862b646837}</UniqueIdentifier>
    </Filter>
    <Filter Include="00_FrameWork\Math">
      <UniqueIdentifier>{a90e272c-1e21-4764-994a-9ad3977f3729}</UniqueIdentifier>
    </Filter>
    <Filter Include="00_FrameWork\Debug">
      <UniqueIdentifier>{8aaac7b0-122d-4c40-8737-30a5cf7ba172}</UniqueIdentifier>
    </Filter>
    <Filter Include="00_FrameWork\Mutex">
      <UniqueIdentifier>{fe4cd66e-73e0-49d6-bb36-d8df20cb9e4b}</UniqueIdentifier>
    </Filter>
    <Filter Include="00_FrameWork\Input">
      <UniqueIdentifier>{9b2cb656-7817-481e-9914-87fa696f7288}</UniqueIdentifier>
    </Filter>
    <Filter Include="00_FrameWork\Input\GamePad">
      <UniqueIdentifier>{054a802e-a8b0-4826-af92-5ee9ff0752a9}</UniqueIdentifier>
    </Filter>
    <Filter Include="00_FrameWork\Input\Keyboard">
      <UniqueIdentifier>{749d539e-b032-4e07-bec0-94e4d156f69d}</UniqueIdentifier>
    </Filter>
    <Filter Include="00_FrameWork\Input\Mouse">
      <UniqueIdentifier>{00eac960-7195-41a2-af4c-6af6d0b8b9ec}</UniqueIdentifier>
    </Filter>
    <Filter Include="00_FrameWork\Input\VC">
      <UniqueIdentifier>{d08ddbdd-b20c-4181-ba65-b5018de5440d}</UniqueIdentifier>
    </Filter>
    <Filter Include="00_FrameWork\Camera">
      <UniqueIdentifier>{28f8f936-1bd9-4796-8b74-49279102ea25}</UniqueIdentifier>
    </Filter>
    <Filter Include="00_FrameWork\Camera\3D">
      <UniqueIdentifier>{6f0a4cae-724c-448f-863b-221dec4be448}</UniqueIdentifier>
    </Filter>
    <Filter Include="00_FrameWork\Camera\2D">
      <UniqueIdentifier>{36f801c3-1fbb-4aff-a6cd-140cd5f17d1a}</UniqueIdentifier>
    </Filter>
    <Filter Include="00_FrameWork\Shader">
      <UniqueIdentifier>{dfa2d5d5-5da1-436a-956f-1a2b224a86a0}</UniqueIdentifier>
    </Filter>
    <Filter Include="00_FrameWork\Shader\2D">
      <UniqueIdentifier>{d098dfb0-94b5-42fc-addb-e2cdaf06239a}</UniqueIdentifier>
    </Filter>
    <Filter Include="00_FrameWork\Shader\3D">
      <UniqueIdentifier>{177b513d-a5c1-496f-9193-24f44a8e19b5}</UniqueIdentifier>
    </Filter>
    <Filter Include="00_FrameWork\Shader\Manager">
      <UniqueIdentifier>{18c75e05-5002-48c2-959f-1813565f4af7}</UniqueIdentifier>
    </Filter>
    <Filter Include="00_FrameWork\Shader\Blur">
      <UniqueIdentifier>{37129a90-efb9-474a-aab2-4711fdd3cc01}</UniqueIdentifier>
    </Filter>
    <Filter Include="00_FrameWork\Shader\Shimmer">
      <UniqueIdentifier>{8178fc6e-5dab-471e-b657-0761a60c6ae1}</UniqueIdentifier>
    </Filter>
    <Filter Include="00_FrameWork\Shader\Shimmer\Particle">
      <UniqueIdentifier>{3f5eafa6-7bf4-40fb-8186-e7dae684ca99}</UniqueIdentifier>
    </Filter>
    <Filter Include="00_FrameWork\Shader\Screen">
      <UniqueIdentifier>{a22bf60f-9532-4471-b024-eaf474e1c2f1}</UniqueIdentifier>
    </Filter>
    <Filter Include="00_FrameWork\Shader\EffectFile">
      <UniqueIdentifier>{e294e9d8-2657-421e-bc96-6e716d872a21}</UniqueIdentifier>
    </Filter>
    <Filter Include="00_FrameWork\Fade">
      <UniqueIdentifier>{7bf0760b-e8eb-4e63-af02-219d220631ad}</UniqueIdentifier>
    </Filter>
    <Filter Include="00_FrameWork\Sprite">
      <UniqueIdentifier>{33f25504-a047-4f49-b867-4f98628faf22}</UniqueIdentifier>
    </Filter>
    <Filter Include="00_FrameWork\Orbit">
      <UniqueIdentifier>{67a7d8c0-395d-480d-a472-a26fb3ee7036}</UniqueIdentifier>
    </Filter>
    <Filter Include="00_FrameWork\CircleGage">
      <UniqueIdentifier>{11ae325d-22df-4319-9805-206dcf81617e}</UniqueIdentifier>
    </Filter>
    <Filter Include="00_FrameWork\Font">
      <UniqueIdentifier>{b4eb884e-02d7-4b54-bc9b-36991078ab29}</UniqueIdentifier>
    </Filter>
    <Filter Include="00_FrameWork\Polygon">
      <UniqueIdentifier>{0521c5ca-b5fe-463e-a2d8-bb66597762e7}</UniqueIdentifier>
    </Filter>
    <Filter Include="00_FrameWork\Light">
      <UniqueIdentifier>{5dce8b92-000e-43e2-b920-84d3c95d34f2}</UniqueIdentifier>
    </Filter>
    <Filter Include="00_FrameWork\Shaim3D">
      <UniqueIdentifier>{8d863ad2-2607-4ded-956f-714b69ff6df4}</UniqueIdentifier>
    </Filter>
    <Filter Include="00_FrameWork\Shaim3D\Parts">
      <UniqueIdentifier>{8559b6a7-0b10-472e-94c5-360d5db6d8ac}</UniqueIdentifier>
    </Filter>
    <Filter Include="00_FrameWork\Loading">
      <UniqueIdentifier>{5f444f2f-322c-4729-ad9e-99f63c016ca5}</UniqueIdentifier>
    </Filter>
  </ItemGroup>
  <ItemGroup>
    <ClCompile Include="main.cpp">
      <Filter>00_FrameWork\main</Filter>
    </ClCompile>
    <ClCompile Include="Debug.cpp">
      <Filter>00_FrameWork\Debug</Filter>
    </ClCompile>
    <ClCompile Include="Manager.cpp">
      <Filter>00_FrameWork\Manager</Filter>
    </ClCompile>
    <ClCompile Include="MathTable.cpp">
      <Filter>00_FrameWork\Math</Filter>
    </ClCompile>
    <ClCompile Include="Renderer.cpp">
      <Filter>00_FrameWork\Renderer</Filter>
    </ClCompile>
    <ClCompile Include="Texture.cpp">
      <Filter>00_FrameWork\Texture</Filter>
    </ClCompile>
    <ClCompile Include="Mutex.cpp">
      <Filter>00_FrameWork\Mutex</Filter>
    </ClCompile>
    <ClCompile Include="Window.cpp">
      <Filter>00_FrameWork\Window</Filter>
    </ClCompile>
    <ClCompile Include="Input\GamePad.cpp">
      <Filter>00_FrameWork\Input\GamePad</Filter>
    </ClCompile>
    <ClCompile Include="Input\Keyboard.cpp">
      <Filter>00_FrameWork\Input\Keyboard</Filter>
    </ClCompile>
    <ClCompile Include="Input\Mouse.cpp">
      <Filter>00_FrameWork\Input\Mouse</Filter>
    </ClCompile>
    <ClCompile Include="Input\VC.cpp">
      <Filter>00_FrameWork\Input\VC</Filter>
    </ClCompile>
    <ClCompile Include="Camera.cpp">
      <Filter>00_FrameWork\Camera\3D</Filter>
    </ClCompile>
    <ClCompile Include="Camera2D.cpp">
      <Filter>00_FrameWork\Camera\2D</Filter>
    </ClCompile>
    <ClCompile Include="Shader2D.cpp">
      <Filter>00_FrameWork\Shader\2D</Filter>
    </ClCompile>
    <ClCompile Include="Shader3D.cpp">
      <Filter>00_FrameWork\Shader\3D</Filter>
    </ClCompile>
    <ClCompile Include="ShaderManager.cpp">
      <Filter>00_FrameWork\Shader\Manager</Filter>
    </ClCompile>
    <ClCompile Include="BlurFilter.cpp">
      <Filter>00_FrameWork\Shader\Blur</Filter>
    </ClCompile>
    <ClCompile Include="Shimmer.cpp">
      <Filter>00_FrameWork\Shader\Shimmer</Filter>
    </ClCompile>
    <ClCompile Include="ShimmerParticle2D.cpp">
      <Filter>00_FrameWork\Shader\Shimmer\Particle</Filter>
    </ClCompile>
    <ClCompile Include="ScreenRender.cpp">
      <Filter>00_FrameWork\Shader\Screen</Filter>
    </ClCompile>
    <ClCompile Include="Fade.cpp">
      <Filter>00_FrameWork\Fade</Filter>
    </ClCompile>
    <ClCompile Include="CircleGage.cpp">
      <Filter>00_FrameWork\CircleGage</Filter>
    </ClCompile>
    <ClCompile Include="Orbit2D.cpp">
      <Filter>00_FrameWork\Orbit</Filter>
    </ClCompile>
    <ClCompile Include="Spite.cpp">
      <Filter>00_FrameWork\Sprite</Filter>
    </ClCompile>
    <ClCompile Include="Font.cpp">
      <Filter>00_FrameWork\Font</Filter>
    </ClCompile>
    <ClCompile Include="Polygon.cpp">
      <Filter>00_FrameWork\Polygon</Filter>
    </ClCompile>
    <ClCompile Include="Light.cpp">
      <Filter>00_FrameWork\Light</Filter>
    </ClCompile>
    <ClCompile Include="Shaim3DEffect.cpp">
      <Filter>00_FrameWork\Shaim3D</Filter>
    </ClCompile>
    <ClCompile Include="Shaim3DParts.cpp">
      <Filter>00_FrameWork\Shaim3D\Parts</Filter>
    </ClCompile>
    <ClCompile Include="Loading.cpp">
      <Filter>00_FrameWork\Loading</Filter>
    </ClCompile>
  </ItemGroup>
  <ItemGroup>
    <ClInclude Include="main.h">
      <Filter>00_FrameWork\main</Filter>
    </ClInclude>
    <ClInclude Include="Debug.h">
      <Filter>00_FrameWork\Debug</Filter>
    </ClInclude>
    <ClInclude Include="Manager.h">
      <Filter>00_FrameWork\Manager</Filter>
    </ClInclude>
    <ClInclude Include="MathTable.h">
      <Filter>00_FrameWork\Math</Filter>
    </ClInclude>
    <ClInclude Include="Renderer.h">
      <Filter>00_FrameWork\Renderer</Filter>
    </ClInclude>
    <ClInclude Include="Texture.h">
      <Filter>00_FrameWork\Texture</Filter>
    </ClInclude>
    <ClInclude Include="Mutex.h">
      <Filter>00_FrameWork\Mutex</Filter>
    </ClInclude>
    <ClInclude Include="Input\GamePad.h">
      <Filter>00_FrameWork\Input\GamePad</Filter>
    </ClInclude>
    <ClInclude Include="Input\Keyboard.h">
      <Filter>00_FrameWork\Input\Keyboard</Filter>
    </ClInclude>
    <ClInclude Include="Input\Mouse.h">
      <Filter>00_FrameWork\Input\Mouse</Filter>
    </ClInclude>
    <ClInclude Include="Input\VC.h">
      <Filter>00_FrameWork\Input\VC</Filter>
    </ClInclude>
    <ClInclude Include="Window.h">
      <Filter>00_FrameWork\Window</Filter>
    </ClInclude>
    <ClInclude Include="Camera.h">
      <Filter>00_FrameWork\Camera\3D</Filter>
    </ClInclude>
    <ClInclude Include="Camera2D.h">
      <Filter>00_FrameWork\Camera\2D</Filter>
    </ClInclude>
    <ClInclude Include="Shader2D.h">
      <Filter>00_FrameWork\Shader\2D</Filter>
    </ClInclude>
    <ClInclude Include="Shader3D.h">
      <Filter>00_FrameWork\Shader\3D</Filter>
    </ClInclude>
    <ClInclude Include="ShaderManager.h">
      <Filter>00_FrameWork\Shader\Manager</Filter>
    </ClInclude>
    <ClInclude Include="BlurFilter.h">
      <Filter>00_FrameWork\Shader\Blur</Filter>
    </ClInclude>
    <ClInclude Include="Shimmer.h">
      <Filter>00_FrameWork\Shader\Shimmer</Filter>
    </ClInclude>
    <ClInclude Include="ShimmerParticle2D.h">
      <Filter>00_FrameWork\Shader\Shimmer\Particle</Filter>
    </ClInclude>
    <ClInclude Include="ScreenRender.h">
      <Filter>00_FrameWork\Shader\Screen</Filter>
    </ClInclude>
    <ClInclude Include="Fade.h">
      <Filter>00_FrameWork\Fade</Filter>
    </ClInclude>
    <ClInclude Include="CircleGage.h">
      <Filter>00_FrameWork\CircleGage</Filter>
    </ClInclude>
    <ClInclude Include="Orbit2D.h">
      <Filter>00_FrameWork\Orbit</Filter>
    </ClInclude>
    <ClInclude Include="Sprite.h">
      <Filter>00_FrameWork\Sprite</Filter>
    </ClInclude>
    <ClInclude Include="Font.h">
      <Filter>00_FrameWork\Font</Filter>
    </ClInclude>
    <ClInclude Include="Polygon.h">
      <Filter>00_FrameWork\Polygon</Filter>
    </ClInclude>
    <ClInclude Include="Light.h">
      <Filter>00_FrameWork\Light</Filter>
    </ClInclude>
    <ClInclude Include="Shaim3DEffect.h">
      <Filter>00_FrameWork\Shaim3D</Filter>
    </ClInclude>
    <ClInclude Include="Shaim3DParts.h">
      <Filter>00_FrameWork\Shaim3D\Parts</Filter>
    </ClInclude>
    <ClInclude Include="Loading.h">
      <Filter>00_FrameWork\Loading</Filter>
    </ClInclude>
  </ItemGroup>
  <ItemGroup>
    <FxCompile Include="data\shaders\Blur.fx">
      <Filter>00_FrameWork\Shader\EffectFile</Filter>
    </FxCompile>
    <FxCompile Include="data\shaders\ScreenShade.fx">
      <Filter>00_FrameWork\Shader\EffectFile</Filter>
    </FxCompile>
    <FxCompile Include="data\shaders\Shader2D.fx">
      <Filter>00_FrameWork\Shader\EffectFile</Filter>
    </FxCompile>
    <FxCompile Include="data\shaders\Shader3D.fx">
      <Filter>00_FrameWork\Shader\EffectFile</Filter>
    </FxCompile>
    <FxCompile Include="data\shaders\ShimmerShader.fx">
      <Filter>00_FrameWork\Shader\EffectFile</Filter>
    </FxCompile>
  </ItemGroup>
</Project>